# Prisma Migrate lockfile v1

20201110133643-1
20201112114059-adding-recipe-model
20201112143849-adding-tags-to-recipe
20201119115506-notes
20201119140827-unique-id
20201119142843-unique-id-on-notes
20201124105155-tags
20201124130106-taglist
20201125115337-s-list
20201125122031-slist-name
20201125141642-s-list-to-recipe-relation
20201217104348-startdate
20201217112410-s
20201217113831-str
20201224105035-user
20201224110747-j
20201229111707-mp
20210104104038-s
20210104110159-fy